Microsoft Visual Studio Solution File, Format Version 11.00
# Visual Studio 2010
Project("{FAE04EC0-301F-11D3-BF4B-00C04F79EFBC}") = "RowsCondFormatting", "RowsCondFormatting\RowsCondFormatting.csproj", "{86392EEE-8C46-4EFC-BCB3-21F556CB782E}"
EndProject
Global
	GlobalSection(SolutionConfigurationPlatforms) = preSolution
		Debug|Any CPU = Debug|Any CPU
		Release|Any CPU = Release|Any CPU
	EndGlobalSection
	GlobalSection(ProjectConfigurationPlatforms) = postSolution
		{86392EEE-8C46-4EFC-BCB3-21F556CB782E}.Debug|Any CPU.ActiveCfg = Debug|Any CPU
		{86392EEE-8C46-4EFC-BCB3-21F556CB782E}.Debug|Any CPU.Build.0 = Debug|Any CPU
		{86392EEE-8C46-4EFC-BCB3-21F556CB782E}.Release|Any CPU.ActiveCfg = Release|Any CPU
		{86392EEE-8C46-4EFC-BCB3-21F556CB782E}.Release|Any CPU.Build.0 = Release|Any CPU
	EndGlobalSection
	GlobalSection(SolutionProperties) = preSolution
		HideSolutionNode = FALSE
	EndGlobalSection
EndGlobal
